
Microsoft Visual Studio Solution File, Format Version 12.00
# Visual Studio 15
VisualStudioVersion = 15.0.26430.16
MinimumVisualStudioVersion = 10.0.40219.1
Project("{8BC9CEB8-8B4A-11D0-8D11-00A0C91BC942}") = "Quantum Bot", "Quantum Bot\Quantum Bot.vcxproj", "{ECE569F5-1638-4420-BDC5-43CCE4BADF83}"
EndProject
Global
	GlobalSection(SolutionConfigurationPlatforms) = preSolution
		Debug|x64 = Debug|x64
		Debug|x86 = Debug|x86
		Release|x64 = Release|x64
		Release|x86 = Release|x86
	EndGlobalSection
	GlobalSection(ProjectConfigurationPlatforms) = postSolution
		{ECE569F5-1638-4420-BDC5-43CCE4BADF83}.Debug|x64.ActiveCfg = Debug|x64
		{ECE569F5-1638-4420-BDC5-43CCE4BADF83}.Debug|x64.Build.0 = Debug|x64
		{ECE569F5-1638-4420-BDC5-43CCE4BADF83}.Debug|x86.ActiveCfg = Debug|Win32
		{ECE569F5-1638-4420-BDC5-43CCE4BADF83}.Debug|x86.Build.0 = Debug|Win32
		{ECE569F5-1638-4420-BDC5-43CCE4BADF83}.Release|x64.ActiveCfg = Release|x64
		{ECE569F5-1638-4420-BDC5-43CCE4BADF83}.Release|x64.Build.0 = Release|x64
		{ECE569F5-1638-4420-BDC5-43CCE4BADF83}.Release|x86.ActiveCfg = Release|Win32
		{ECE569F5-1638-4420-BDC5-43CCE4BADF83}.Release|x86.Build.0 = Release|Win32
	EndGlobalSection
	GlobalSection(SolutionProperties) = preSolution
		HideSolutionNode = FALSE
	EndGlobalSection
	GlobalSection(ExtensibilityGlobals) = postSolution
		SolutionGuid = {B590950E-B9E0-43E3-884E-6DC4AD2E243B}
	EndGlobalSection
EndGlobal
